
Microsoft Visual Studio Solution File, Format Version 12.00
Project("{FAE04EC0-301F-11D3-BF4B-00C04F79EFBC}") = "Day01", "Day01\Day01.csproj", "{59C38AE5-C8A7-4405-9767-8C3C350849CD}"
EndProject
Project("{FAE04EC0-301F-11D3-BF4B-00C04F79EFBC}") = "Day02", "Day02\Day02.csproj", "{258EC49D-8BFD-422F-A884-0173AD41C153}"
EndProject
Project("{FAE04EC0-301F-11D3-BF4B-00C04F79EFBC}") = "Day03", "Day03\Day03.csproj", "{867959BC-9C64-4421-A82F-544ADE17F5F8}"
EndProject
Project("{FAE04EC0-301F-11D3-BF4B-00C04F79EFBC}") = "Day04", "Day04\Day04.csproj", "{EE95D64B-10B8-4474-8C57-FAB10C7A6AB4}"
EndProject
Project("{FAE04EC0-301F-11D3-BF4B-00C04F79EFBC}") = "Day05", "Day05\Day05.csproj", "{E4566053-2735-4BE8-850F-377CFF4A4035}"
EndProject
Project("{FAE04EC0-301F-11D3-BF4B-00C04F79EFBC}") = "Day06", "Day06\Day06.csproj", "{D5087B95-2469-4735-9391-7661256DB8A3}"
EndProject
Project("{FAE04EC0-301F-11D3-BF4B-00C04F79EFBC}") = "Day06.Benchmarks", "Day06.Benchmarks\Day06.Benchmarks.csproj", "{0334FF3C-69E1-43EB-9399-EB82F5E5339C}"
EndProject
Project("{FAE04EC0-301F-11D3-BF4B-00C04F79EFBC}") = "Day07", "Day07\Day07.csproj", "{1BCA252F-8234-484B-8147-7BAED4360987}"
EndProject
Project("{FAE04EC0-301F-11D3-BF4B-00C04F79EFBC}") = "Day07.Benchmarks", "Day07.Benchmarks\Day07.Benchmarks.csproj", "{6DF2D137-78CC-404D-A7B7-9D890DEC234F}"
EndProject
Project("{FAE04EC0-301F-11D3-BF4B-00C04F79EFBC}") = "Day08", "Day08\Day08.csproj", "{1A5EE70F-86D5-45DB-8B11-DA3AC36D7770}"
EndProject
Project("{FAE04EC0-301F-11D3-BF4B-00C04F79EFBC}") = "Day08.Benchmarks", "Day08.Benchmarks\Day08.Benchmarks.csproj", "{536C9244-0AD5-4722-8122-873C14D7A90F}"
EndProject
Project("{FAE04EC0-301F-11D3-BF4B-00C04F79EFBC}") = "Day09", "Day09\Day09.csproj", "{0490C5F8-4E1B-4CA6-BBE5-FF0F8D85302B}"
EndProject
Project("{FAE04EC0-301F-11D3-BF4B-00C04F79EFBC}") = "Day09.Benchmarks", "Day09.Benchmarks\Day09.Benchmarks.csproj", "{F0AF5BDA-3771-4D88-B0C8-DCDECCCAA2D0}"
EndProject
Project("{FAE04EC0-301F-11D3-BF4B-00C04F79EFBC}") = "Day10", "Day10\Day10.csproj", "{3CBC03AC-56FA-483A-9444-BE0EED4FF3B1}"
EndProject
Project("{FAE04EC0-301F-11D3-BF4B-00C04F79EFBC}") = "Day11", "Day11\Day11.csproj", "{E5DF4A92-1891-45F6-AC6A-81095C06F414}"
EndProject
Project("{FAE04EC0-301F-11D3-BF4B-00C04F79EFBC}") = "Day12", "Day12\Day12.csproj", "{F0F68C09-3C70-4C06-9BEF-1AFD6D97860C}"
EndProject
Project("{FAE04EC0-301F-11D3-BF4B-00C04F79EFBC}") = "Day13", "Day13\Day13.csproj", "{91D970E2-9C63-45BF-BB0A-D280D9170D5A}"
EndProject
Global
	GlobalSection(SolutionConfigurationPlatforms) = preSolution
		Debug|Any CPU = Debug|Any CPU
		Release|Any CPU = Release|Any CPU
	EndGlobalSection
	GlobalSection(ProjectConfigurationPlatforms) = postSolution
		{59C38AE5-C8A7-4405-9767-8C3C350849CD}.Debug|Any CPU.ActiveCfg = Debug|Any CPU
		{59C38AE5-C8A7-4405-9767-8C3C350849CD}.Debug|Any CPU.Build.0 = Debug|Any CPU
		{59C38AE5-C8A7-4405-9767-8C3C350849CD}.Release|Any CPU.ActiveCfg = Release|Any CPU
		{59C38AE5-C8A7-4405-9767-8C3C350849CD}.Release|Any CPU.Build.0 = Release|Any CPU
		{258EC49D-8BFD-422F-A884-0173AD41C153}.Debug|Any CPU.ActiveCfg = Debug|Any CPU
		{258EC49D-8BFD-422F-A884-0173AD41C153}.Debug|Any CPU.Build.0 = Debug|Any CPU
		{258EC49D-8BFD-422F-A884-0173AD41C153}.Release|Any CPU.ActiveCfg = Release|Any CPU
		{258EC49D-8BFD-422F-A884-0173AD41C153}.Release|Any CPU.Build.0 = Release|Any CPU
		{867959BC-9C64-4421-A82F-544ADE17F5F8}.Debug|Any CPU.ActiveCfg = Debug|Any CPU
		{867959BC-9C64-4421-A82F-544ADE17F5F8}.Debug|Any CPU.Build.0 = Debug|Any CPU
		{867959BC-9C64-4421-A82F-544ADE17F5F8}.Release|Any CPU.ActiveCfg = Release|Any CPU
		{867959BC-9C64-4421-A82F-544ADE17F5F8}.Release|Any CPU.Build.0 = Release|Any CPU
		{EE95D64B-10B8-4474-8C57-FAB10C7A6AB4}.Debug|Any CPU.ActiveCfg = Debug|Any CPU
		{EE95D64B-10B8-4474-8C57-FAB10C7A6AB4}.Debug|Any CPU.Build.0 = Debug|Any CPU
		{EE95D64B-10B8-4474-8C57-FAB10C7A6AB4}.Release|Any CPU.ActiveCfg = Release|Any CPU
		{EE95D64B-10B8-4474-8C57-FAB10C7A6AB4}.Release|Any CPU.Build.0 = Release|Any CPU
		{E4566053-2735-4BE8-850F-377CFF4A4035}.Debug|Any CPU.ActiveCfg = Debug|Any CPU
		{E4566053-2735-4BE8-850F-377CFF4A4035}.Debug|Any CPU.Build.0 = Debug|Any CPU
		{E4566053-2735-4BE8-850F-377CFF4A4035}.Release|Any CPU.ActiveCfg = Release|Any CPU
		{E4566053-2735-4BE8-850F-377CFF4A4035}.Release|Any CPU.Build.0 = Release|Any CPU
		{D5087B95-2469-4735-9391-7661256DB8A3}.Debug|Any CPU.ActiveCfg = Debug|Any CPU
		{D5087B95-2469-4735-9391-7661256DB8A3}.Debug|Any CPU.Build.0 = Debug|Any CPU
		{D5087B95-2469-4735-9391-7661256DB8A3}.Release|Any CPU.ActiveCfg = Release|Any CPU
		{D5087B95-2469-4735-9391-7661256DB8A3}.Release|Any CPU.Build.0 = Release|Any CPU
		{0334FF3C-69E1-43EB-9399-EB82F5E5339C}.Debug|Any CPU.ActiveCfg = Debug|Any CPU
		{0334FF3C-69E1-43EB-9399-EB82F5E5339C}.Debug|Any CPU.Build.0 = Debug|Any CPU
		{0334FF3C-69E1-43EB-9399-EB82F5E5339C}.Release|Any CPU.ActiveCfg = Release|Any CPU
		{0334FF3C-69E1-43EB-9399-EB82F5E5339C}.Release|Any CPU.Build.0 = Release|Any CPU
		{1BCA252F-8234-484B-8147-7BAED4360987}.Debug|Any CPU.ActiveCfg = Debug|Any CPU
		{1BCA252F-8234-484B-8147-7BAED4360987}.Debug|Any CPU.Build.0 = Debug|Any CPU
		{1BCA252F-8234-484B-8147-7BAED4360987}.Release|Any CPU.ActiveCfg = Release|Any CPU
		{1BCA252F-8234-484B-8147-7BAED4360987}.Release|Any CPU.Build.0 = Release|Any CPU
		{6DF2D137-78CC-404D-A7B7-9D890DEC234F}.Debug|Any CPU.ActiveCfg = Debug|Any CPU
		{6DF2D137-78CC-404D-A7B7-9D890DEC234F}.Debug|Any CPU.Build.0 = Debug|Any CPU
		{6DF2D137-78CC-404D-A7B7-9D890DEC234F}.Release|Any CPU.ActiveCfg = Release|Any CPU
		{6DF2D137-78CC-404D-A7B7-9D890DEC234F}.Release|Any CPU.Build.0 = Release|Any CPU
		{1A5EE70F-86D5-45DB-8B11-DA3AC36D7770}.Debug|Any CPU.ActiveCfg = Debug|Any CPU
		{1A5EE70F-86D5-45DB-8B11-DA3AC36D7770}.Debug|Any CPU.Build.0 = Debug|Any CPU
		{1A5EE70F-86D5-45DB-8B11-DA3AC36D7770}.Release|Any CPU.ActiveCfg = Release|Any CPU
		{1A5EE70F-86D5-45DB-8B11-DA3AC36D7770}.Release|Any CPU.Build.0 = Release|Any CPU
		{536C9244-0AD5-4722-8122-873C14D7A90F}.Debug|Any CPU.ActiveCfg = Debug|Any CPU
		{536C9244-0AD5-4722-8122-873C14D7A90F}.Debug|Any CPU.Build.0 = Debug|Any CPU
		{536C9244-0AD5-4722-8122-873C14D7A90F}.Release|Any CPU.ActiveCfg = Release|Any CPU
		{536C9244-0AD5-4722-8122-873C14D7A90F}.Release|Any CPU.Build.0 = Release|Any CPU
		{0490C5F8-4E1B-4CA6-BBE5-FF0F8D85302B}.Debug|Any CPU.ActiveCfg = Debug|Any CPU
		{0490C5F8-4E1B-4CA6-BBE5-FF0F8D85302B}.Debug|Any CPU.Build.0 = Debug|Any CPU
		{0490C5F8-4E1B-4CA6-BBE5-FF0F8D85302B}.Release|Any CPU.ActiveCfg = Release|Any CPU
		{0490C5F8-4E1B-4CA6-BBE5-FF0F8D85302B}.Release|Any CPU.Build.0 = Release|Any CPU
		{F0AF5BDA-3771-4D88-B0C8-DCDECCCAA2D0}.Debug|Any CPU.ActiveCfg = Debug|Any CPU
		{F0AF5BDA-3771-4D88-B0C8-DCDECCCAA2D0}.Debug|Any CPU.Build.0 = Debug|Any CPU
		{F0AF5BDA-3771-4D88-B0C8-DCDECCCAA2D0}.Release|Any CPU.ActiveCfg = Release|Any CPU
		{F0AF5BDA-3771-4D88-B0C8-DCDECCCAA2D0}.Release|Any CPU.Build.0 = Release|Any CPU
		{3CBC03AC-56FA-483A-9444-BE0EED4FF3B1}.Debug|Any CPU.ActiveCfg = Debug|Any CPU
		{3CBC03AC-56FA-483A-9444-BE0EED4FF3B1}.Debug|Any CPU.Build.0 = Debug|Any CPU
		{3CBC03AC-56FA-483A-9444-BE0EED4FF3B1}.Release|Any CPU.ActiveCfg = Release|Any CPU
		{3CBC03AC-56FA-483A-9444-BE0EED4FF3B1}.Release|Any CPU.Build.0 = Release|Any CPU
		{E5DF4A92-1891-45F6-AC6A-81095C06F414}.Debug|Any CPU.ActiveCfg = Debug|Any CPU
		{E5DF4A92-1891-45F6-AC6A-81095C06F414}.Debug|Any CPU.Build.0 = Debug|Any CPU
		{E5DF4A92-1891-45F6-AC6A-81095C06F414}.Release|Any CPU.ActiveCfg = Release|Any CPU
		{E5DF4A92-1891-45F6-AC6A-81095C06F414}.Release|Any CPU.Build.0 = Release|Any CPU
		{F0F68C09-3C70-4C06-9BEF-1AFD6D97860C}.Debug|Any CPU.ActiveCfg = Debug|Any CPU
		{F0F68C09-3C70-4C06-9BEF-1AFD6D97860C}.Debug|Any CPU.Build.0 = Debug|Any CPU
		{F0F68C09-3C70-4C06-9BEF-1AFD6D97860C}.Release|Any CPU.ActiveCfg = Release|Any CPU
		{F0F68C09-3C70-4C06-9BEF-1AFD6D97860C}.Release|Any CPU.Build.0 = Release|Any CPU
		{91D970E2-9C63-45BF-BB0A-D280D9170D5A}.Debug|Any CPU.ActiveCfg = Debug|Any CPU
		{91D970E2-9C63-45BF-BB0A-D280D9170D5A}.Debug|Any CPU.Build.0 = Debug|Any CPU
		{91D970E2-9C63-45BF-BB0A-D280D9170D5A}.Release|Any CPU.ActiveCfg = Release|Any CPU
		{91D970E2-9C63-45BF-BB0A-D280D9170D5A}.Release|Any CPU.Build.0 = Release|Any CPU
	EndGlobalSection
EndGlobal
