
Microsoft Visual Studio Solution File, Format Version 12.00
Project("{FAE04EC0-301F-11D3-BF4B-00C04F79EFBC}") = "Day01", "Day01\Day01.csproj", "{59C38AE5-C8A7-4405-9767-8C3C350849CD}"
EndProject
Project("{FAE04EC0-301F-11D3-BF4B-00C04F79EFBC}") = "Day02", "Day02\Day02.csproj", "{258EC49D-8BFD-422F-A884-0173AD41C153}"
EndProject
Project("{FAE04EC0-301F-11D3-BF4B-00C04F79EFBC}") = "Day03", "Day03\Day03.csproj", "{867959BC-9C64-4421-A82F-544ADE17F5F8}"
EndProject
Project("{FAE04EC0-301F-11D3-BF4B-00C04F79EFBC}") = "Day04", "Day04\Day04.csproj", "{EE95D64B-10B8-4474-8C57-FAB10C7A6AB4}"
EndProject
Project("{FAE04EC0-301F-11D3-BF4B-00C04F79EFBC}") = "Day05", "Day05\Day05.csproj", "{E4566053-2735-4BE8-850F-377CFF4A4035}"
EndProject
Global
	GlobalSection(SolutionConfigurationPlatforms) = preSolution
		Debug|Any CPU = Debug|Any CPU
		Release|Any CPU = Release|Any CPU
	EndGlobalSection
	GlobalSection(ProjectConfigurationPlatforms) = postSolution
		{59C38AE5-C8A7-4405-9767-8C3C350849CD}.Debug|Any CPU.ActiveCfg = Debug|Any CPU
		{59C38AE5-C8A7-4405-9767-8C3C350849CD}.Debug|Any CPU.Build.0 = Debug|Any CPU
		{59C38AE5-C8A7-4405-9767-8C3C350849CD}.Release|Any CPU.ActiveCfg = Release|Any CPU
		{59C38AE5-C8A7-4405-9767-8C3C350849CD}.Release|Any CPU.Build.0 = Release|Any CPU
		{258EC49D-8BFD-422F-A884-0173AD41C153}.Debug|Any CPU.ActiveCfg = Debug|Any CPU
		{258EC49D-8BFD-422F-A884-0173AD41C153}.Debug|Any CPU.Build.0 = Debug|Any CPU
		{258EC49D-8BFD-422F-A884-0173AD41C153}.Release|Any CPU.ActiveCfg = Release|Any CPU
		{258EC49D-8BFD-422F-A884-0173AD41C153}.Release|Any CPU.Build.0 = Release|Any CPU
		{867959BC-9C64-4421-A82F-544ADE17F5F8}.Debug|Any CPU.ActiveCfg = Debug|Any CPU
		{867959BC-9C64-4421-A82F-544ADE17F5F8}.Debug|Any CPU.Build.0 = Debug|Any CPU
		{867959BC-9C64-4421-A82F-544ADE17F5F8}.Release|Any CPU.ActiveCfg = Release|Any CPU
		{867959BC-9C64-4421-A82F-544ADE17F5F8}.Release|Any CPU.Build.0 = Release|Any CPU
		{EE95D64B-10B8-4474-8C57-FAB10C7A6AB4}.Debug|Any CPU.ActiveCfg = Debug|Any CPU
		{EE95D64B-10B8-4474-8C57-FAB10C7A6AB4}.Debug|Any CPU.Build.0 = Debug|Any CPU
		{EE95D64B-10B8-4474-8C57-FAB10C7A6AB4}.Release|Any CPU.ActiveCfg = Release|Any CPU
		{EE95D64B-10B8-4474-8C57-FAB10C7A6AB4}.Release|Any CPU.Build.0 = Release|Any CPU
		{E4566053-2735-4BE8-850F-377CFF4A4035}.Debug|Any CPU.ActiveCfg = Debug|Any CPU
		{E4566053-2735-4BE8-850F-377CFF4A4035}.Debug|Any CPU.Build.0 = Debug|Any CPU
		{E4566053-2735-4BE8-850F-377CFF4A4035}.Release|Any CPU.ActiveCfg = Release|Any CPU
		{E4566053-2735-4BE8-850F-377CFF4A4035}.Release|Any CPU.Build.0 = Release|Any CPU
	EndGlobalSection
EndGlobal
